
Microsoft Visual Studio Solution File, Format Version 12.00
# Visual Studio Version 16
VisualStudioVersion = 16.0.30114.105
MinimumVisualStudioVersion = 10.0.40219.1
Project("{FAE04EC0-301F-11D3-BF4B-00C04F79EFBC}") = "App", "App\App.csproj", "{77F00632-2573-4B64-A24E-6016CD66CD88}"
EndProject
Project("{FAE04EC0-301F-11D3-BF4B-00C04F79EFBC}") = "DataAccess", "DataAccess\DataAccess.csproj", "{5EED6B0B-8AEB-47C6-8FB8-CEA61519A2F4}"
EndProject
Project("{FAE04EC0-301F-11D3-BF4B-00C04F79EFBC}") = "Domain", "Domain\Domain.csproj", "{19D219C0-6631-4EC9-BADF-F28C9252AD6F}"
EndProject
Global
	GlobalSection(SolutionConfigurationPlatforms) = preSolution
		Debug|Any CPU = Debug|Any CPU
		Release|Any CPU = Release|Any CPU
	EndGlobalSection
	GlobalSection(SolutionProperties) = preSolution
		HideSolutionNode = FALSE
	EndGlobalSection
	GlobalSection(ProjectConfigurationPlatforms) = postSolution
		{77F00632-2573-4B64-A24E-6016CD66CD88}.Debug|Any CPU.ActiveCfg = Debug|Any CPU
		{77F00632-2573-4B64-A24E-6016CD66CD88}.Debug|Any CPU.Build.0 = Debug|Any CPU
		{77F00632-2573-4B64-A24E-6016CD66CD88}.Release|Any CPU.ActiveCfg = Release|Any CPU
		{77F00632-2573-4B64-A24E-6016CD66CD88}.Release|Any CPU.Build.0 = Release|Any CPU
		{5EED6B0B-8AEB-47C6-8FB8-CEA61519A2F4}.Debug|Any CPU.ActiveCfg = Debug|Any CPU
		{5EED6B0B-8AEB-47C6-8FB8-CEA61519A2F4}.Debug|Any CPU.Build.0 = Debug|Any CPU
		{5EED6B0B-8AEB-47C6-8FB8-CEA61519A2F4}.Release|Any CPU.ActiveCfg = Release|Any CPU
		{5EED6B0B-8AEB-47C6-8FB8-CEA61519A2F4}.Release|Any CPU.Build.0 = Release|Any CPU
		{19D219C0-6631-4EC9-BADF-F28C9252AD6F}.Debug|Any CPU.ActiveCfg = Debug|Any CPU
		{19D219C0-6631-4EC9-BADF-F28C9252AD6F}.Debug|Any CPU.Build.0 = Debug|Any CPU
		{19D219C0-6631-4EC9-BADF-F28C9252AD6F}.Release|Any CPU.ActiveCfg = Release|Any CPU
		{19D219C0-6631-4EC9-BADF-F28C9252AD6F}.Release|Any CPU.Build.0 = Release|Any CPU
	EndGlobalSection
EndGlobal
